# THIS IS AN AUTOGENERATED FILE. DO NOT EDIT THIS FILE DIRECTLY.
# yarn lockfile v1


bs-platform@^6.0.0-dev.1:
  version "6.0.0-dev.1"
  resolved "https://registry.yarnpkg.com/bs-platform/-/bs-platform-6.0.0-dev.1.tgz#125a7858ef2f1aa131ee9c2df243d9224825d9bc"
  integrity sha512-1E1G6xEovnWdiQVt0TyS8Z4F+3hJTxMZBKcSHJ9Yf+xMNQgA/BR5HV3IgI8BkPc+dntifiu7JS9yrbws5qksNA==

bsdoc@../_release:
  version "6.0.1-alpha"
