# THIS IS AN AUTOGENERATED FILE. DO NOT EDIT THIS FILE DIRECTLY.
# yarn lockfile v1


"@elliottcable/bs-cmdliner@https://github.com/ostera/bs-cmdliner":
  version "1.0.2"
  resolved "https://github.com/ostera/bs-cmdliner#6c0bd5420c6d36348eeb791360d4f32b072ccb5f"
  dependencies:
    bs-platform "4.0.5"

bs-platform@4.0.5:
  version "4.0.5"
  resolved "https://registry.yarnpkg.com/bs-platform/-/bs-platform-4.0.5.tgz#d4fd9bbdd11765af5b75110a5655065ece05eed6"
  integrity sha512-wK+yUx/5ojlrxgk/EB3Hla7+9NEnE8PxtGb71e4IsKnWPXrRAaVtdTuoWWClv8z77xntOFg8qTgYfYyh9xLMWA==
