# THIS IS AN AUTOGENERATED FILE. DO NOT EDIT THIS FILE DIRECTLY.
# yarn lockfile v1


"@elliottcable/bs-cmdliner@^1.0.2":
  version "1.0.2"
  resolved "https://registry.yarnpkg.com/@elliottcable/bs-cmdliner/-/bs-cmdliner-1.0.2.tgz#825b3351d3beee7def38f7603b81e2a8bb73e939"
  integrity sha512-jjxxtT/lJO0pQfPbxP3uZKV+E0/WVoT0f8GZvozbZXV19DdNKnFz91yERbI/VhwsY11nkqF6h5FWAWEF8lBj6Q==
  dependencies:
    bs-platform "^4.0.1"

bs-platform@^4.0.1, bs-platform@^4.0.11:
  version "4.0.11"
  resolved "https://registry.yarnpkg.com/bs-platform/-/bs-platform-4.0.11.tgz#9d195d1ad798a60b872d7612827c70e6f4c0ed05"
  integrity sha512-p0aYHXbK8ZO4ZHxwyQ1f0LEhbdkAMPB3FCwIY4HZrfrg0PB6Sc4y2L2al3kL+33sp/FOaMyfzuEnaF6HysuJgg==
